
Microsoft Visual Studio Solution File, Format Version 11.00
# Visual Studio 2010
Project("{FAE04EC0-301F-11D3-BF4B-00C04F79EFBC}") = "Boxes", "Assembly-CSharp-firstpass.csproj", "{67AF337D-AA61-723C-CB51-4F19D9126449}"
EndProject
Project("{FAE04EC0-301F-11D3-BF4B-00C04F79EFBC}") = "Boxes", "Assembly-CSharp.csproj", "{EA97DC47-919F-8F70-1290-BA6A62B99235}"
EndProject
Project("{FAE04EC0-301F-11D3-BF4B-00C04F79EFBC}") = "Boxes", "Assembly-CSharp-Editor-firstpass.csproj", "{269BEA7F-B22E-0A0B-D9DD-259D719CAC90}"
EndProject
Global
	GlobalSection(SolutionConfigurationPlatforms) = preSolution
		Debug|Any CPU = Debug|Any CPU
		Release|Any CPU = Release|Any CPU
	EndGlobalSection
	GlobalSection(ProjectConfigurationPlatforms) = postSolution
		{67AF337D-AA61-723C-CB51-4F19D9126449}.Debug|Any CPU.ActiveCfg = Debug|Any CPU
		{67AF337D-AA61-723C-CB51-4F19D9126449}.Debug|Any CPU.Build.0 = Debug|Any CPU
		{67AF337D-AA61-723C-CB51-4F19D9126449}.Release|Any CPU.ActiveCfg = Release|Any CPU
		{67AF337D-AA61-723C-CB51-4F19D9126449}.Release|Any CPU.Build.0 = Release|Any CPU
		{EA97DC47-919F-8F70-1290-BA6A62B99235}.Debug|Any CPU.ActiveCfg = Debug|Any CPU
		{EA97DC47-919F-8F70-1290-BA6A62B99235}.Debug|Any CPU.Build.0 = Debug|Any CPU
		{EA97DC47-919F-8F70-1290-BA6A62B99235}.Release|Any CPU.ActiveCfg = Release|Any CPU
		{EA97DC47-919F-8F70-1290-BA6A62B99235}.Release|Any CPU.Build.0 = Release|Any CPU
		{269BEA7F-B22E-0A0B-D9DD-259D719CAC90}.Debug|Any CPU.ActiveCfg = Debug|Any CPU
		{269BEA7F-B22E-0A0B-D9DD-259D719CAC90}.Debug|Any CPU.Build.0 = Debug|Any CPU
		{269BEA7F-B22E-0A0B-D9DD-259D719CAC90}.Release|Any CPU.ActiveCfg = Release|Any CPU
		{269BEA7F-B22E-0A0B-D9DD-259D719CAC90}.Release|Any CPU.Build.0 = Release|Any CPU
	EndGlobalSection
	GlobalSection(SolutionProperties) = preSolution
		HideSolutionNode = FALSE
	EndGlobalSection
	GlobalSection(MonoDevelopProperties) = preSolution
		StartupItem = Assembly-CSharp.csproj
	EndGlobalSection
EndGlobal
